
Microsoft Visual Studio Solution File, Format Version 12.00
# Visual Studio 15
VisualStudioVersion = 15.0.28307.489
MinimumVisualStudioVersion = 10.0.40219.1
Project("{FAE04EC0-301F-11D3-BF4B-00C04F79EFBC}") = "Lab5", "Lab5\Lab5.csproj", "{F8063F2B-E326-4EDA-AE2C-9A42F7CB3247}"
EndProject
Global
	GlobalSection(SolutionConfigurationPlatforms) = preSolution
		Debug|Any CPU = Debug|Any CPU
		Release|Any CPU = Release|Any CPU
	EndGlobalSection
	GlobalSection(ProjectConfigurationPlatforms) = postSolution
		{F8063F2B-E326-4EDA-AE2C-9A42F7CB3247}.Debug|Any CPU.ActiveCfg = Debug|Any CPU
		{F8063F2B-E326-4EDA-AE2C-9A42F7CB3247}.Debug|Any CPU.Build.0 = Debug|Any CPU
		{F8063F2B-E326-4EDA-AE2C-9A42F7CB3247}.Release|Any CPU.ActiveCfg = Release|Any CPU
		{F8063F2B-E326-4EDA-AE2C-9A42F7CB3247}.Release|Any CPU.Build.0 = Release|Any CPU
	EndGlobalSection
	GlobalSection(SolutionProperties) = preSolution
		HideSolutionNode = FALSE
	EndGlobalSection
	GlobalSection(ExtensibilityGlobals) = postSolution
		SolutionGuid = {38B673FB-4056-4169-A289-DDFE80A4AE99}
	EndGlobalSection
EndGlobal
